<Solution>
  <Project Path="NeuroVida.Games.csproj" />
  <Project Path="NeuroVida.Games.Acoplamiento.Tests.csproj" />
  <Project Path="NeuroVida.Games.Comparacion.Tests.csproj" />
  <Project Path="NeuroVida.Games.Secuencia.Tests.csproj" />
  <Project Path="NeuroVida.Games.Aterrizaje.Tests.csproj" />
  <Project Path="NeuroVida.Games.Disparate.Tests.csproj" />
  <Project Path="NeuroVida.Games.Common.Tests.csproj" />
  <Project Path="NeuroVida.Games.Satelites.Tests.csproj" />
  <Project Path="NeuroVida.Games.Series.Tests.csproj" />
  <Project Path="NeuroVida.Games.Correo.Tests.csproj" />
  <Project Path="NeuroVida.Contracts.csproj" />
  <Project Path="NeuroVida.Bootstrap.csproj" />
  <Project Path="NeuroVida.Games.Parejas.Tests.csproj" />
  <Project Path="NeuroVida.Games.Intrusa.Tests.csproj" />
  <Project Path="NeuroVida.Games.Trafico.Tests.csproj" />
  <Project Path="NeuroVida.Bootstrap.Editor.csproj" />
  <Project Path="NeuroVida.Games.Freno.Tests.csproj" />
  <Project Path="NeuroVida.Games.Cosecha.Tests.csproj" />
  <Project Path="NeuroVida.Games.Anagramas.Tests.csproj" />
  <Project Path="NeuroVida.Games.Stroop.Tests.csproj" />
  <Project Path="NeuroVida.Games.Calculo.Tests.csproj" />
  <Project Path="NeuroVida.Games.Radar.Tests.csproj" />
  <Project Path="NeuroVida.Games.Piloto.Tests.csproj" />
  <Project Path="NeuroVida.Bridge.csproj" />
  <Project Path="NeuroVida.Games.RutaTesoro.Tests.csproj" />
  <Project Path="NeuroVida.Games.Meteoros.Tests.csproj" />
  <Project Path="NeuroVida.Games.Bitacora.Tests.csproj" />
  <Project Path="NeuroVida.Games.Rumbo.Tests.csproj" />
</Solution>
